{
  "nodes": {
    "miscellaneous": {
      "inputs": {
        "nixpkgs": "nixpkgs"
      },
      "locked": {
        "lastModified": 1733333977,
        "narHash": "sha256-3pA4RpjzIxrl6BFDsfuV/fOBHDv1MRtfNKUy7Ouw0IU=",
        "owner": "DavidDTA",
        "repo": "miscellaneous",
        "rev": "72bdbb2cf81f57aacc1476e587a21d7fa06178b8",
        "type": "github"
      },
      "original": {
        "owner": "DavidDTA",
        "ref": "master",
        "repo": "miscellaneous",
        "type": "github"
      }
    },
    "nixpkgs": {
      "locked": {
        "lastModified": 1727173215,
        "narHash": "sha256-OtMlWYCqBDbnEsByoows785Gem9CSMiXYEBiKKtStk4=",
        "owner": "NixOS",
        "repo": "nixpkgs",
        "rev": "965289e5e07243f1cde3212d8bcaf726d36c5c46",
        "type": "github"
      },
      "original": {
        "owner": "NixOS",
        "ref": "nixpkgs-unstable",
        "repo": "nixpkgs",
        "type": "github"
      }
    },
    "nixpkgs_2": {
      "locked": {
        "lastModified": 1734435836,
        "narHash": "sha256-kMBQ5PRiFLagltK0sH+08aiNt3zGERC2297iB6vrvlU=",
        "owner": "NixOS",
        "repo": "nixpkgs",
        "rev": "4989a246d7a390a859852baddb1013f825435cee",
        "type": "github"
      },
      "original": {
        "owner": "NixOS",
        "ref": "nixpkgs-unstable",
        "repo": "nixpkgs",
        "type": "github"
      }
    },
    "root": {
      "inputs": {
        "miscellaneous": "miscellaneous",
        "nixpkgs": "nixpkgs_2"
      }
    }
  },
  "root": "root",
  "version": 7
}
